Microsoft Visual Studio Solution File, Format Version 12.00
# Visual Studio Version 17
VisualStudioVersion = 17.5.2.0
MinimumVisualStudioVersion = 10.0.40219.1
Project("{FAE04EC0-301F-11D3-BF4B-00C04F79EFBC}") = "SUPPLY-API", "SUPPLY-API.csproj", "{798E66C7-2B50-2E6E-9C20-E82E2AFB8BB9}"
EndProject
Global
	GlobalSection(SolutionConfigurationPlatforms) = preSolution
		Debug|Any CPU = Debug|Any CPU
		Release|Any CPU = Release|Any CPU
	EndGlobalSection
	GlobalSection(ProjectConfigurationPlatforms) = postSolution
		{798E66C7-2B50-2E6E-9C20-E82E2AFB8BB9}.Debug|Any CPU.ActiveCfg = Debug|Any CPU
		{798E66C7-2B50-2E6E-9C20-E82E2AFB8BB9}.Debug|Any CPU.Build.0 = Debug|Any CPU
		{798E66C7-2B50-2E6E-9C20-E82E2AFB8BB9}.Release|Any CPU.ActiveCfg = Release|Any CPU
		{798E66C7-2B50-2E6E-9C20-E82E2AFB8BB9}.Release|Any CPU.Build.0 = Release|Any CPU
	EndGlobalSection
	GlobalSection(SolutionProperties) = preSolution
		HideSolutionNode = FALSE
	EndGlobalSection
	GlobalSection(ExtensibilityGlobals) = postSolution
		SolutionGuid = {81603B10-253B-4D51-8B68-6A082CC934F3}
	EndGlobalSection
EndGlobal
